# THIS IS AN AUTOGENERATED FILE. DO NOT EDIT THIS FILE DIRECTLY.
# yarn lockfile v1


lefthook-darwin-arm64@1.12.2:
  version "1.12.2"
  resolved "https://registry.yarnpkg.com/lefthook-darwin-arm64/-/lefthook-darwin-arm64-1.12.2.tgz#fd26f502901b4f6f823ea4b05e4cd90a30655fae"
  integrity sha512-fTxeI9tEskrHjc3QyEO+AG7impBXY2Ed8V5aiRc3fw9POfYtVh9b5jRx90fjk2+ld5hf+Z1DsyyLq/vOHDFskQ==

lefthook-darwin-x64@1.12.2:
  version "1.12.2"
  resolved "https://registry.yarnpkg.com/lefthook-darwin-x64/-/lefthook-darwin-x64-1.12.2.tgz#0d9990d52425f2cb49d83dcb4fb40fc42b42a751"
  integrity sha512-T1dCDKAAfdHgYZ8qtrS02SJSHoR52RFcrGArFNll9Mu4ZSV19Sp8BO+kTwDUOcLYdcPGNaqOp9PkRBQGZWQC7g==

lefthook-freebsd-arm64@1.12.2:
  version "1.12.2"
  resolved "https://registry.yarnpkg.com/lefthook-freebsd-arm64/-/lefthook-freebsd-arm64-1.12.2.tgz#55d7483405d16382e5c9e79ddc7f58078a775cf4"
  integrity sha512-2n9z7Q4BKeMBoB9cuEdv0UBQH82Z4GgBQpCrfjCtyzpDnYQwrH8Tkrlnlko4qPh9MM6nLLGIYMKsA5nltzo8Cg==

lefthook-freebsd-x64@1.12.2:
  version "1.12.2"
  resolved "https://registry.yarnpkg.com/lefthook-freebsd-x64/-/lefthook-freebsd-x64-1.12.2.tgz#6f5e9c28caecfc62b4628230022f64b348b9a63a"
  integrity sha512-1hNY/irY+/3kjRzKoJYxG+m3BYI8QxopJUK1PQnknGo1Wy5u302SdX+tR7pnpz6JM5chrNw4ozSbKKOvdZ5VEw==

lefthook-linux-arm64@1.12.2:
  version "1.12.2"
  resolved "https://registry.yarnpkg.com/lefthook-linux-arm64/-/lefthook-linux-arm64-1.12.2.tgz#ba47f6f11ba1e47aec7214d2216b14c98649344e"
  integrity sha512-1W4swYIVRkxq/LFTuuK4oVpd6NtTKY4E3VY2Uq2JDkIOJV46+8qGBF+C/QA9K3O9chLffgN7c+i+NhIuGiZ/Vw==

lefthook-linux-x64@1.12.2:
  version "1.12.2"
  resolved "https://registry.yarnpkg.com/lefthook-linux-x64/-/lefthook-linux-x64-1.12.2.tgz#f77121df6404303d82afc1e5dd47d065163a0a8c"
  integrity sha512-J6VGuMfhq5iCsg1Pv7xULbuXC63gP5LaikT0PhkyBNMi3HQneZFDJ8k/sp0Ue9HkQv6QfWIo3/FgB9gz38MCFw==

lefthook-openbsd-arm64@1.12.2:
  version "1.12.2"
  resolved "https://registry.yarnpkg.com/lefthook-openbsd-arm64/-/lefthook-openbsd-arm64-1.12.2.tgz#0695da717d498de315dcde975afa958ad931ec40"
  integrity sha512-wncDRW3ml24DaOyH22KINumjvCohswbQqbxyH2GORRCykSnE859cTjOrRIchTKBIARF7PSeGPUtS7EK0+oDbaw==

lefthook-openbsd-x64@1.12.2:
  version "1.12.2"
  resolved "https://registry.yarnpkg.com/lefthook-openbsd-x64/-/lefthook-openbsd-x64-1.12.2.tgz#ea4579c8fff167f3b2fa46b82e21d45a74a63e6b"
  integrity sha512-2jDOkCHNnc/oK/vR62hAf3vZb1EQ6Md2GjIlgZ/V7A3ztOsM8QZ5IxwYN3D1UOIR5ZnwMBy7PtmTJC/HJrig5w==

lefthook-windows-arm64@1.12.2:
  version "1.12.2"
  resolved "https://registry.yarnpkg.com/lefthook-windows-arm64/-/lefthook-windows-arm64-1.12.2.tgz#54385a8fff1ee2f7a67f1182b84ea40aacc86e67"
  integrity sha512-ZMH/q6UNSidhHEG/1QoqIl1n4yPTBWuVmKx5bONtKHicoz4QCQ+QEiNjKsG5OO4C62nfyHGThmweCzZVUQECJw==

lefthook-windows-x64@1.12.2:
  version "1.12.2"
  resolved "https://registry.yarnpkg.com/lefthook-windows-x64/-/lefthook-windows-x64-1.12.2.tgz#417771407ade25f634833084505b95fcc701b6c7"
  integrity sha512-TqT2jIPcTQ9uwaw+v+DTmvnUHM/p7bbsSrPoPX+fRXSGLzFjyiY+12C9dObSwfCQq6rT70xqQJ9AmftJQsa5/Q==

lefthook@^1.12.2:
  version "1.12.2"
  resolved "https://registry.yarnpkg.com/lefthook/-/lefthook-1.12.2.tgz#5cc86475aa22203ad4b68f496126dc6c8633971a"
  integrity sha512-2CeTu5NcmoT9YnqsHTq/TF36MlqlzHzhivGx3DrXHwcff4TdvrkIwUTA56huM3Nlo5ODAF/0hlPzaKLmNHCBnQ==
  optionalDependencies:
    lefthook-darwin-arm64 "1.12.2"
    lefthook-darwin-x64 "1.12.2"
    lefthook-freebsd-arm64 "1.12.2"
    lefthook-freebsd-x64 "1.12.2"
    lefthook-linux-arm64 "1.12.2"
    lefthook-linux-x64 "1.12.2"
    lefthook-openbsd-arm64 "1.12.2"
    lefthook-openbsd-x64 "1.12.2"
    lefthook-windows-arm64 "1.12.2"
    lefthook-windows-x64 "1.12.2"

prettier@^3.6.2:
  version "3.6.2"
  resolved "https://registry.yarnpkg.com/prettier/-/prettier-3.6.2.tgz#ccda02a1003ebbb2bfda6f83a074978f608b9393"
  integrity sha512-I7AIg5boAr5R0FFtJ6rCfD+LFsWHp81dolrFD8S79U9tb8Az2nGrJncnMSnys+bpQJfRUzqs9hnA81OAA3hCuQ==
